
Microsoft Visual Studio Solution File, Format Version 12.00
# Visual Studio 15
Project("{FAE04EC0-301F-11D3-BF4B-00C04F79EFBC}") = "GeneracionX-master", "Assembly-CSharp.csproj", "{B6C479C7-55D1-A4B4-E726-04793412A098}"
EndProject
Project("{FAE04EC0-301F-11D3-BF4B-00C04F79EFBC}") = "GeneracionX-master", "Assembly-CSharp-Editor.csproj", "{0FE32483-2DDA-68CA-6B66-05DFDAAED5FD}"
EndProject
Global
	GlobalSection(SolutionConfigurationPlatforms) = preSolution
		Debug|Any CPU = Debug|Any CPU
		Release|Any CPU = Release|Any CPU
	EndGlobalSection
	GlobalSection(ProjectConfigurationPlatforms) = postSolution
		{B6C479C7-55D1-A4B4-E726-04793412A098}.Debug|Any CPU.ActiveCfg = Debug|Any CPU
		{B6C479C7-55D1-A4B4-E726-04793412A098}.Debug|Any CPU.Build.0 = Debug|Any CPU
		{B6C479C7-55D1-A4B4-E726-04793412A098}.Release|Any CPU.ActiveCfg = Release|Any CPU
		{B6C479C7-55D1-A4B4-E726-04793412A098}.Release|Any CPU.Build.0 = Release|Any CPU
		{0FE32483-2DDA-68CA-6B66-05DFDAAED5FD}.Debug|Any CPU.ActiveCfg = Debug|Any CPU
		{0FE32483-2DDA-68CA-6B66-05DFDAAED5FD}.Debug|Any CPU.Build.0 = Debug|Any CPU
		{0FE32483-2DDA-68CA-6B66-05DFDAAED5FD}.Release|Any CPU.ActiveCfg = Release|Any CPU
		{0FE32483-2DDA-68CA-6B66-05DFDAAED5FD}.Release|Any CPU.Build.0 = Release|Any CPU
	EndGlobalSection
	GlobalSection(SolutionProperties) = preSolution
		HideSolutionNode = FALSE
	EndGlobalSection
EndGlobal
